
Microsoft Visual Studio Solution File, Format Version 12.00
# Visual Studio 2013
VisualStudioVersion = 12.0.31101.0
MinimumVisualStudioVersion = 10.0.40219.1
Project("{FAE04EC0-301F-11D3-BF4B-00C04F79EFBC}") = "Problem 01. TreeTraversal", "Problem 01. TreeTraversal\Problem 01. TreeTraversal.csproj", "{DDA43CA8-1D75-4DF3-9B1B-FEA1C9E6058A}"
EndProject
Project("{FAE04EC0-301F-11D3-BF4B-00C04F79EFBC}") = "Problem 02. TraverseDirectories", "Problem 02. TraverseDirectories\Problem 02. TraverseDirectories.csproj", "{8FE1BDE8-6C5C-45A7-B67E-B511AC095574}"
EndProject
Project("{FAE04EC0-301F-11D3-BF4B-00C04F79EFBC}") = "Problem 03. ParseFileSystemAsTree", "Problem 03. ParseFileSystemAsTree\Problem 03. ParseFileSystemAsTree.csproj", "{06F2F32E-8C60-4353-9B4F-6F104E3A8ED3}"
EndProject
Global
	GlobalSection(SolutionConfigurationPlatforms) = preSolution
		Debug|Any CPU = Debug|Any CPU
		Release|Any CPU = Release|Any CPU
	EndGlobalSection
	GlobalSection(ProjectConfigurationPlatforms) = postSolution
		{DDA43CA8-1D75-4DF3-9B1B-FEA1C9E6058A}.Debug|Any CPU.ActiveCfg = Debug|Any CPU
		{DDA43CA8-1D75-4DF3-9B1B-FEA1C9E6058A}.Debug|Any CPU.Build.0 = Debug|Any CPU
		{DDA43CA8-1D75-4DF3-9B1B-FEA1C9E6058A}.Release|Any CPU.ActiveCfg = Release|Any CPU
		{DDA43CA8-1D75-4DF3-9B1B-FEA1C9E6058A}.Release|Any CPU.Build.0 = Release|Any CPU
		{8FE1BDE8-6C5C-45A7-B67E-B511AC095574}.Debug|Any CPU.ActiveCfg = Debug|Any CPU
		{8FE1BDE8-6C5C-45A7-B67E-B511AC095574}.Debug|Any CPU.Build.0 = Debug|Any CPU
		{8FE1BDE8-6C5C-45A7-B67E-B511AC095574}.Release|Any CPU.ActiveCfg = Release|Any CPU
		{8FE1BDE8-6C5C-45A7-B67E-B511AC095574}.Release|Any CPU.Build.0 = Release|Any CPU
		{06F2F32E-8C60-4353-9B4F-6F104E3A8ED3}.Debug|Any CPU.ActiveCfg = Debug|Any CPU
		{06F2F32E-8C60-4353-9B4F-6F104E3A8ED3}.Debug|Any CPU.Build.0 = Debug|Any CPU
		{06F2F32E-8C60-4353-9B4F-6F104E3A8ED3}.Release|Any CPU.ActiveCfg = Release|Any CPU
		{06F2F32E-8C60-4353-9B4F-6F104E3A8ED3}.Release|Any CPU.Build.0 = Release|Any CPU
	EndGlobalSection
	GlobalSection(SolutionProperties) = preSolution
		HideSolutionNode = FALSE
	EndGlobalSection
EndGlobal
